
Microsoft Visual Studio Solution File, Format Version 12.00
# Visual Studio 15
VisualStudioVersion = 15.0.28307.757
MinimumVisualStudioVersion = 10.0.40219.1
Project("{FAE04EC0-301F-11D3-BF4B-00C04F79EFBC}") = "Advent2022.Runner", "Advent2022.Runner\Advent2022.Runner.csproj", "{AC5481ED-5DE0-47C8-8B58-BBB7954D2361}"
EndProject
Project("{FAE04EC0-301F-11D3-BF4B-00C04F79EFBC}") = "Advent2022.Tests", "Advent2022.Tests\Advent2022.Tests.csproj", "{4FC39295-78BA-4B13-A441-01C25F10046E}"
EndProject
Global
	GlobalSection(SolutionConfigurationPlatforms) = preSolution
		Debug|Any CPU = Debug|Any CPU
		Release|Any CPU = Release|Any CPU
	EndGlobalSection
	GlobalSection(ProjectConfigurationPlatforms) = postSolution
		{AC5481ED-5DE0-47C8-8B58-BBB7954D2361}.Debug|Any CPU.ActiveCfg = Debug|Any CPU
		{AC5481ED-5DE0-47C8-8B58-BBB7954D2361}.Debug|Any CPU.Build.0 = Debug|Any CPU
		{AC5481ED-5DE0-47C8-8B58-BBB7954D2361}.Release|Any CPU.ActiveCfg = Release|Any CPU
		{AC5481ED-5DE0-47C8-8B58-BBB7954D2361}.Release|Any CPU.Build.0 = Release|Any CPU
		{4FC39295-78BA-4B13-A441-01C25F10046E}.Debug|Any CPU.ActiveCfg = Debug|Any CPU
		{4FC39295-78BA-4B13-A441-01C25F10046E}.Debug|Any CPU.Build.0 = Debug|Any CPU
		{4FC39295-78BA-4B13-A441-01C25F10046E}.Release|Any CPU.ActiveCfg = Release|Any CPU
		{4FC39295-78BA-4B13-A441-01C25F10046E}.Release|Any CPU.Build.0 = Release|Any CPU
	EndGlobalSection
	GlobalSection(SolutionProperties) = preSolution
		HideSolutionNode = FALSE
	EndGlobalSection
	GlobalSection(ExtensibilityGlobals) = postSolution
		SolutionGuid = {9B6AE98D-FABD-446D-A1E6-026CDFBE17B8}
	EndGlobalSection
EndGlobal
